// !$*UTF8*$!
{
	archiveVersion = 1;
	classes = {
	};
	objectVersion = 77;
	objects = {

/* Begin PBXContainerItemProxy section */
		ACBCCBBB2DB4500600D4F67B /* PBXContainerItemProxy */ = {
			isa = PBXContainerItemProxy;
			containerPortal = ACBCCBA52DB4500400D4F67B /* Project object */;
			proxyType = 1;
			remoteGlobalIDString = ACBCCBAC2DB4500400D4F67B;
			remoteInfo = swiftTodo;
		};
		ACBCCBC52DB4500600D4F67B /* PBXContainerItemProxy */ = {
			isa = PBXContainerItemProxy;
			containerPortal = ACBCCBA52DB4500400D4F67B /* Project object */;
			proxyType = 1;
			remoteGlobalIDString = ACBCCBAC2DB4500400D4F67B;
			remoteInfo = swiftTodo;
		};
		ACBCCBFD2DB506EE00D4F67B /* PBXContainerItemProxy */ = {
			isa = PBXContainerItemProxy;
			containerPortal = ACBCCBA52DB4500400D4F67B /* Project object */;
			proxyType = 1;
			remoteGlobalIDString = ACBCCBEF2DB506EB00D4F67B;
			remoteInfo = switftTodo;
		};
		ACBCCC072DB506EE00D4F67B /* PBXContainerItemProxy */ = {
			isa = PBXContainerItemProxy;
			containerPortal = ACBCCBA52DB4500400D4F67B /* Project object */;
			proxyType = 1;
			remoteGlobalIDString = ACBCCBEF2DB506EB00D4F67B;
			remoteInfo = switftTodo;
		};
/* End PBXContainerItemProxy section */

/* Begin PBXFileReference section */
		AC1A67E02DB510A30060C77D /* swiftTodo.app */ = {isa = PBXFileReference; explicitFileType = wrapper.application; includeInIndex = 0; name = swiftTodo.app; path = "/Users/artemkulik/Desktop/todoSwift/swiftTodo/build/Debug-iphoneos/swiftTodo.app"; sourceTree = "<absolute>"; };
		AC1A67E12DB510A30060C77D /* swiftTodoTests.xctest */ = {isa = PBXFileReference; explicitFileType = wrapper.cfbundle; includeInIndex = 0; name = swiftTodoTests.xctest; path = "/Users/artemkulik/Desktop/todoSwift/swiftTodo/build/Debug-iphoneos/swiftTodo.app/PlugIns/swiftTodoTests.xctest"; sourceTree = "<absolute>"; };
		AC1A67E22DB510A30060C77D /* swiftTodoUITests.xctest */ = {isa = PBXFileReference; explicitFileType = wrapper.cfbundle; includeInIndex = 0; name = swiftTodoUITests.xctest; path = "/Users/artemkulik/Desktop/todoSwift/swiftTodo/build/Debug-iphoneos/swiftTodoUITests-Runner.app/PlugIns/swiftTodoUITests.xctest"; sourceTree = "<absolute>"; };
		ACBCCBF02DB506EB00D4F67B /* switftTodo.app */ = {isa = PBXFileReference; explicitFileType = wrapper.application; includeInIndex = 0; path = switftTodo.app; sourceTree = BUILT_PRODUCTS_DIR; };
		ACBCCBFC2DB506EE00D4F67B /* switftTodoTests.xctest */ = {isa = PBXFileReference; explicitFileType = wrapper.cfbundle; includeInIndex = 0; path = switftTodoTests.xctest; sourceTree = BUILT_PRODUCTS_DIR; };
		ACBCCC062DB506EE00D4F67B /* switftTodoUITests.xctest */ = {isa = PBXFileReference; explicitFileType = wrapper.cfbundle; includeInIndex = 0; path = switftTodoUITests.xctest; sourceTree = BUILT_PRODUCTS_DIR; };
/* End PBXFileReference section */

/* Begin PBXFileSystemSynchronizedRootGroup section */
		ACBCCBAF2DB4500400D4F67B /* swiftTodo */ = {
			isa = PBXFileSystemSynchronizedRootGroup;
			path = swiftTodo;
			sourceTree = "<group>";
		};
		ACBCCBFF2DB506EE00D4F67B /* switftTodoTests */ = {
			isa = PBXFileSystemSynchronizedRootGroup;
			path = switftTodoTests;
			sourceTree = "<group>";
		};
		ACBCCC092DB506EE00D4F67B /* switftTodoUITests */ = {
			isa = PBXFileSystemSynchronizedRootGroup;
			path = switftTodoUITests;
			sourceTree = "<group>";
		};
/* End PBXFileSystemSynchronizedRootGroup section */

/* Begin PBXFrameworksBuildPhase section */
		ACBCCBAA2DB4500400D4F67B /* Frameworks */ = {
			isa = PBXFrameworksBuildPhase;
			buildActionMask = 2147483647;
			files = (
			);
			runOnlyForDeploymentPostprocessing = 0;
		};
		ACBCCBB72DB4500600D4F67B /* Frameworks */ = {
			isa = PBXFrameworksBuildPhase;
			buildActionMask = 2147483647;
			files = (
			);
			runOnlyForDeploymentPostprocessing = 0;
		};
		ACBCCBC12DB4500600D4F67B /* Frameworks */ = {
			isa = PBXFrameworksBuildPhase;
			buildActionMask = 2147483647;
			files = (
			);
			runOnlyForDeploymentPostprocessing = 0;
		};
		ACBCCBED2DB506EB00D4F67B /* Frameworks */ = {
			isa = PBXFrameworksBuildPhase;
			buildActionMask = 2147483647;
			files = (
			);
			runOnlyForDeploymentPostprocessing = 0;
		};
		ACBCCBF92DB506EE00D4F67B /* Frameworks */ = {
			isa = PBXFrameworksBuildPhase;
			buildActionMask = 2147483647;
			files = (
			);
			runOnlyForDeploymentPostprocessing = 0;
		};
		ACBCCC032DB506EE00D4F67B /* Frameworks */ = {
			isa = PBXFrameworksBuildPhase;
			buildActionMask = 2147483647;
			files = (
			);
			runOnlyForDeploymentPostprocessing = 0;
		};
/* End PBXFrameworksBuildPhase section */

/* Begin PBXGroup section */
		ACBCCBA42DB4500400D4F67B = {
			isa = PBXGroup;
			children = (
				ACBCCBFF2DB506EE00D4F67B /* switftTodoTests */,
				ACBCCC092DB506EE00D4F67B /* switftTodoUITests */,
				ACBCCBAE2DB4500400D4F67B /* Products */,
				ACBCCBAF2DB4500400D4F67B /* swiftTodo */,
			);
			sourceTree = "<group>";
		};
		ACBCCBAE2DB4500400D4F67B /* Products */ = {
			isa = PBXGroup;
			children = (
				ACBCCBF02DB506EB00D4F67B /* switftTodo.app */,
				ACBCCBFC2DB506EE00D4F67B /* switftTodoTests.xctest */,
				ACBCCC062DB506EE00D4F67B /* switftTodoUITests.xctest */,
			);
			name = Products;
			sourceTree = "<group>";
		};
/* End PBXGroup section */

/* Begin PBXNativeTarget section */
		ACBCCBAC2DB4500400D4F67B /* swiftTodo */ = {
			isa = PBXNativeTarget;
			buildConfigurationList = ACBCCBCE2DB4500600D4F67B /* Build configuration list for PBXNativeTarget "swiftTodo" */;
			buildPhases = (
				ACBCCBA92DB4500400D4F67B /* Sources */,
				ACBCCBAA2DB4500400D4F67B /* Frameworks */,
				ACBCCBAB2DB4500400D4F67B /* Resources */,
			);
			buildRules = (
			);
			dependencies = (
			);
			fileSystemSynchronizedGroups = (
				ACBCCBAF2DB4500400D4F67B /* swiftTodo */,
			);
			name = swiftTodo;
			packageProductDependencies = (
			);
			productName = swiftTodo;
			productReference = AC1A67E02DB510A30060C77D /* swiftTodo.app */;
			productType = "com.apple.product-type.application";
		};
		ACBCCBB92DB4500600D4F67B /* swiftTodoTests */ = {
			isa = PBXNativeTarget;
			buildConfigurationList = ACBCCBD12DB4500600D4F67B /* Build configuration list for PBXNativeTarget "swiftTodoTests" */;
			buildPhases = (
				ACBCCBB62DB4500600D4F67B /* Sources */,
				ACBCCBB72DB4500600D4F67B /* Frameworks */,
				ACBCCBB82DB4500600D4F67B /* Resources */,
			);
			buildRules = (
			);
			dependencies = (
				ACBCCBBC2DB4500600D4F67B /* PBXTargetDependency */,
			);
			name = swiftTodoTests;
			packageProductDependencies = (
			);
			productName = swiftTodoTests;
			productReference = AC1A67E12DB510A30060C77D /* swiftTodoTests.xctest */;
			productType = "com.apple.product-type.bundle.unit-test";
		};
		ACBCCBC32DB4500600D4F67B /* swiftTodoUITests */ = {
			isa = PBXNativeTarget;
			buildConfigurationList = ACBCCBD42DB4500600D4F67B /* Build configuration list for PBXNativeTarget "swiftTodoUITests" */;
			buildPhases = (
				ACBCCBC02DB4500600D4F67B /* Sources */,
				ACBCCBC12DB4500600D4F67B /* Frameworks */,
				ACBCCBC22DB4500600D4F67B /* Resources */,
			);
			buildRules = (
			);
			dependencies = (
				ACBCCBC62DB4500600D4F67B /* PBXTargetDependency */,
			);
			name = swiftTodoUITests;
			packageProductDependencies = (
			);
			productName = swiftTodoUITests;
			productReference = AC1A67E22DB510A30060C77D /* swiftTodoUITests.xctest */;
			productType = "com.apple.product-type.bundle.ui-testing";
		};
		ACBCCBEF2DB506EB00D4F67B /* switftTodo */ = {
			isa = PBXNativeTarget;
			buildConfigurationList = ACBCCC0E2DB506EE00D4F67B /* Build configuration list for PBXNativeTarget "switftTodo" */;
			buildPhases = (
				ACBCCBEC2DB506EB00D4F67B /* Sources */,
				ACBCCBED2DB506EB00D4F67B /* Frameworks */,
				ACBCCBEE2DB506EB00D4F67B /* Resources */,
			);
			buildRules = (
			);
			dependencies = (
			);
			name = switftTodo;
			packageProductDependencies = (
			);
			productName = switftTodo;
			productReference = ACBCCBF02DB506EB00D4F67B /* switftTodo.app */;
			productType = "com.apple.product-type.application";
		};
		ACBCCBFB2DB506EE00D4F67B /* switftTodoTests */ = {
			isa = PBXNativeTarget;
			buildConfigurationList = ACBCCC112DB506EE00D4F67B /* Build configuration list for PBXNativeTarget "switftTodoTests" */;
			buildPhases = (
				ACBCCBF82DB506EE00D4F67B /* Sources */,
				ACBCCBF92DB506EE00D4F67B /* Frameworks */,
				ACBCCBFA2DB506EE00D4F67B /* Resources */,
			);
			buildRules = (
			);
			dependencies = (
				ACBCCBFE2DB506EE00D4F67B /* PBXTargetDependency */,
			);
			fileSystemSynchronizedGroups = (
				ACBCCBFF2DB506EE00D4F67B /* switftTodoTests */,
			);
			name = switftTodoTests;
			packageProductDependencies = (
			);
			productName = switftTodoTests;
			productReference = ACBCCBFC2DB506EE00D4F67B /* switftTodoTests.xctest */;
			productType = "com.apple.product-type.bundle.unit-test";
		};
		ACBCCC052DB506EE00D4F67B /* switftTodoUITests */ = {
			isa = PBXNativeTarget;
			buildConfigurationList = ACBCCC142DB506EE00D4F67B /* Build configuration list for PBXNativeTarget "switftTodoUITests" */;
			buildPhases = (
				ACBCCC022DB506EE00D4F67B /* Sources */,
				ACBCCC032DB506EE00D4F67B /* Frameworks */,
				ACBCCC042DB506EE00D4F67B /* Resources */,
			);
			buildRules = (
			);
			dependencies = (
				ACBCCC082DB506EE00D4F67B /* PBXTargetDependency */,
			);
			fileSystemSynchronizedGroups = (
				ACBCCC092DB506EE00D4F67B /* switftTodoUITests */,
			);
			name = switftTodoUITests;
			packageProductDependencies = (
			);
			productName = switftTodoUITests;
			productReference = ACBCCC062DB506EE00D4F67B /* switftTodoUITests.xctest */;
			productType = "com.apple.product-type.bundle.ui-testing";
		};
/* End PBXNativeTarget section */

/* Begin PBXProject section */
		ACBCCBA52DB4500400D4F67B /* Project object */ = {
			isa = PBXProject;
			attributes = {
				BuildIndependentTargetsInParallel = 1;
				LastSwiftUpdateCheck = 1630;
				LastUpgradeCheck = 1630;
				TargetAttributes = {
					ACBCCBAC2DB4500400D4F67B = {
						CreatedOnToolsVersion = 16.3;
					};
					ACBCCBB92DB4500600D4F67B = {
						CreatedOnToolsVersion = 16.3;
						TestTargetID = ACBCCBAC2DB4500400D4F67B;
					};
					ACBCCBC32DB4500600D4F67B = {
						CreatedOnToolsVersion = 16.3;
						TestTargetID = ACBCCBAC2DB4500400D4F67B;
					};
					ACBCCBEF2DB506EB00D4F67B = {
						CreatedOnToolsVersion = 16.3;
					};
					ACBCCBFB2DB506EE00D4F67B = {
						CreatedOnToolsVersion = 16.3;
						TestTargetID = ACBCCBEF2DB506EB00D4F67B;
					};
					ACBCCC052DB506EE00D4F67B = {
						CreatedOnToolsVersion = 16.3;
						TestTargetID = ACBCCBEF2DB506EB00D4F67B;
					};
				};
			};
			buildConfigurationList = ACBCCBA82DB4500400D4F67B /* Build configuration list for PBXProject "swiftTodo" */;
			developmentRegion = en;
			hasScannedForEncodings = 0;
			knownRegions = (
				en,
				Base,
			);
			mainGroup = ACBCCBA42DB4500400D4F67B;
			minimizedProjectReferenceProxies = 1;
			preferredProjectObjectVersion = 77;
			productRefGroup = ACBCCBAE2DB4500400D4F67B /* Products */;
			projectDirPath = "";
			projectRoot = "";
			targets = (
				ACBCCBAC2DB4500400D4F67B /* swiftTodo */,
				ACBCCBB92DB4500600D4F67B /* swiftTodoTests */,
				ACBCCBC32DB4500600D4F67B /* swiftTodoUITests */,
				ACBCCBEF2DB506EB00D4F67B /* switftTodo */,
				ACBCCBFB2DB506EE00D4F67B /* switftTodoTests */,
				ACBCCC052DB506EE00D4F67B /* switftTodoUITests */,
			);
		};
/* End PBXProject section */

/* Begin PBXResourcesBuildPhase section */
		ACBCCBAB2DB4500400D4F67B /* Resources */ = {
			isa = PBXResourcesBuildPhase;
			buildActionMask = 2147483647;
			files = (
			);
			runOnlyForDeploymentPostprocessing = 0;
		};
		ACBCCBB82DB4500600D4F67B /* Resources */ = {
			isa = PBXResourcesBuildPhase;
			buildActionMask = 2147483647;
			files = (
			);
			runOnlyForDeploymentPostprocessing = 0;
		};
		ACBCCBC22DB4500600D4F67B /* Resources */ = {
			isa = PBXResourcesBuildPhase;
			buildActionMask = 2147483647;
			files = (
			);
			runOnlyForDeploymentPostprocessing = 0;
		};
		ACBCCBEE2DB506EB00D4F67B /* Resources */ = {
			isa = PBXResourcesBuildPhase;
			buildActionMask = 2147483647;
			files = (
			);
			runOnlyForDeploymentPostprocessing = 0;
		};
		ACBCCBFA2DB506EE00D4F67B /* Resources */ = {
			isa = PBXResourcesBuildPhase;
			buildActionMask = 2147483647;
			files = (
			);
			runOnlyForDeploymentPostprocessing = 0;
		};
		ACBCCC042DB506EE00D4F67B /* Resources */ = {
			isa = PBXResourcesBuildPhase;
			buildActionMask = 2147483647;
			files = (
			);
			runOnlyForDeploymentPostprocessing = 0;
		};
/* End PBXResourcesBuildPhase section */

/* Begin PBXSourcesBuildPhase section */
		ACBCCBA92DB4500400D4F67B /* Sources */ = {
			isa = PBXSourcesBuildPhase;
			buildActionMask = 2147483647;
			files = (
			);
			runOnlyForDeploymentPostprocessing = 0;
		};
		ACBCCBB62DB4500600D4F67B /* Sources */ = {
			isa = PBXSourcesBuildPhase;
			buildActionMask = 2147483647;
			files = (
			);
			runOnlyForDeploymentPostprocessing = 0;
		};
		ACBCCBC02DB4500600D4F67B /* Sources */ = {
			isa = PBXSourcesBuildPhase;
			buildActionMask = 2147483647;
			files = (
			);
			runOnlyForDeploymentPostprocessing = 0;
		};
		ACBCCBEC2DB506EB00D4F67B /* Sources */ = {
			isa = PBXSourcesBuildPhase;
			buildActionMask = 2147483647;
			files = (
			);
			runOnlyForDeploymentPostprocessing = 0;
		};
		ACBCCBF82DB506EE00D4F67B /* Sources */ = {
			isa = PBXSourcesBuildPhase;
			buildActionMask = 2147483647;
			files = (
			);
			runOnlyForDeploymentPostprocessing = 0;
		};
		ACBCCC022DB506EE00D4F67B /* Sources */ = {
			isa = PBXSourcesBuildPhase;
			buildActionMask = 2147483647;
			files = (
			);
			runOnlyForDeploymentPostprocessing = 0;
		};
/* End PBXSourcesBuildPhase section */

/* Begin PBXTargetDependency section */
		ACBCCBBC2DB4500600D4F67B /* PBXTargetDependency */ = {
			isa = PBXTargetDependency;
			target = ACBCCBAC2DB4500400D4F67B /* swiftTodo */;
			targetProxy = ACBCCBBB2DB4500600D4F67B /* PBXContainerItemProxy */;
		};
		ACBCCBC62DB4500600D4F67B /* PBXTargetDependency */ = {
			isa = PBXTargetDependency;
			target = ACBCCBAC2DB4500400D4F67B /* swiftTodo */;
			targetProxy = ACBCCBC52DB4500600D4F67B /* PBXContainerItemProxy */;
		};
		ACBCCBFE2DB506EE00D4F67B /* PBXTargetDependency */ = {
			isa = PBXTargetDependency;
			target = ACBCCBEF2DB506EB00D4F67B /* switftTodo */;
			targetProxy = ACBCCBFD2DB506EE00D4F67B /* PBXContainerItemProxy */;
		};
		ACBCCC082DB506EE00D4F67B /* PBXTargetDependency */ = {
			isa = PBXTargetDependency;
			target = ACBCCBEF2DB506EB00D4F67B /* switftTodo */;
			targetProxy = ACBCCC072DB506EE00D4F67B /* PBXContainerItemProxy */;
		};
/* End PBXTargetDependency section */

/* Begin XCBuildConfiguration section */
		ACBCCBCC2DB4500600D4F67B /* Debug */ = {
			isa = XCBuildConfiguration;
			buildSettings = {
				ALWAYS_SEARCH_USER_PATHS = NO;
				ASSETCATALOG_COMPILER_GENERATE_SWIFT_ASSET_SYMBOL_EXTENSIONS = YES;
				CLANG_ANALYZER_NONNULL = YES;
				CLANG_ANALYZER_NUMBER_OBJECT_CONVERSION = YES_AGGRESSIVE;
				CLANG_CXX_LANGUAGE_STANDARD = "gnu++20";
				CLANG_ENABLE_MODULES = YES;
				CLANG_ENABLE_OBJC_ARC = YES;
				CLANG_ENABLE_OBJC_WEAK = YES;
				CLANG_WARN_BLOCK_CAPTURE_AUTORELEASING = YES;
				CLANG_WARN_BOOL_CONVERSION = YES;
				CLANG_WARN_COMMA = YES;
				CLANG_WARN_CONSTANT_CONVERSION = YES;
				CLANG_WARN_DEPRECATED_OBJC_IMPLEMENTATIONS = YES;
				CLANG_WARN_DIRECT_OBJC_ISA_USAGE = YES_ERROR;
				CLANG_WARN_DOCUMENTATION_COMMENTS = YES;
				CLANG_WARN_EMPTY_BODY = YES;
				CLANG_WARN_ENUM_CONVERSION = YES;
				CLANG_WARN_INFINITE_RECURSION = YES;
				CLANG_WARN_INT_CONVERSION = YES;
				CLANG_WARN_NON_LITERAL_NULL_CONVERSION = YES;
				CLANG_WARN_OBJC_IMPLICIT_RETAIN_SELF = YES;
				CLANG_WARN_OBJC_LITERAL_CONVERSION = YES;
				CLANG_WARN_OBJC_ROOT_CLASS = YES_ERROR;
				CLANG_WARN_QUOTED_INCLUDE_IN_FRAMEWORK_HEADER = YES;
				CLANG_WARN_RANGE_LOOP_ANALYSIS = YES;
				CLANG_WARN_STRICT_PROTOTYPES = YES;
				CLANG_WARN_SUSPICIOUS_MOVE = YES;
				CLANG_WARN_UNGUARDED_AVAILABILITY = YES_AGGRESSIVE;
				CLANG_WARN_UNREACHABLE_CODE = YES;
				CLANG_WARN__DUPLICATE_METHOD_MATCH = YES;
				COPY_PHASE_STRIP = NO;
				DEBUG_INFORMATION_FORMAT = dwarf;
				ENABLE_STRICT_OBJC_MSGSEND = YES;
				ENABLE_TESTABILITY = YES;
				ENABLE_USER_SCRIPT_SANDBOXING = YES;
				GCC_C_LANGUAGE_STANDARD = gnu17;
				GCC_DYNAMIC_NO_PIC = NO;
				GCC_NO_COMMON_BLOCKS = YES;
				GCC_OPTIMIZATION_LEVEL = 0;
				GCC_PREPROCESSOR_DEFINITIONS = (
					"DEBUG=1",
					"$(inherited)",
				);
				GCC_WARN_64_TO_32_BIT_CONVERSION = YES;
				GCC_WARN_ABOUT_RETURN_TYPE = YES_ERROR;
				GCC_WARN_UNDECLARED_SELECTOR = YES;
				GCC_WARN_UNINITIALIZED_AUTOS = YES_AGGRESSIVE;
				GCC_WARN_UNUSED_FUNCTION = YES;
				GCC_WARN_UNUSED_VARIABLE = YES;
				IPHONEOS_DEPLOYMENT_TARGET = 18.4;
				LOCALIZATION_PREFERS_STRING_CATALOGS = YES;
				MTL_ENABLE_DEBUG_INFO = INCLUDE_SOURCE;
				MTL_FAST_MATH = YES;
				ONLY_ACTIVE_ARCH = YES;
				SDKROOT = iphoneos;
				SWIFT_ACTIVE_COMPILATION_CONDITIONS = "DEBUG $(inherited)";
				SWIFT_OPTIMIZATION_LEVEL = "-Onone";
			};
			name = Debug;
		};
		ACBCCBCD2DB4500600D4F67B /* Release */ = {
			isa = XCBuildConfiguration;
			buildSettings = {
				ALWAYS_SEARCH_USER_PATHS = NO;
				ASSETCATALOG_COMPILER_GENERATE_SWIFT_ASSET_SYMBOL_EXTENSIONS = YES;
				CLANG_ANALYZER_NONNULL = YES;
				CLANG_ANALYZER_NUMBER_OBJECT_CONVERSION = YES_AGGRESSIVE;
				CLANG_CXX_LANGUAGE_STANDARD = "gnu++20";
				CLANG_ENABLE_MODULES = YES;
				CLANG_ENABLE_OBJC_ARC = YES;
				CLANG_ENABLE_OBJC_WEAK = YES;
				CLANG_WARN_BLOCK_CAPTURE_AUTORELEASING = YES;
				CLANG_WARN_BOOL_CONVERSION = YES;
				CLANG_WARN_COMMA = YES;
				CLANG_WARN_CONSTANT_CONVERSION = YES;
				CLANG_WARN_DEPRECATED_OBJC_IMPLEMENTATIONS = YES;
				CLANG_WARN_DIRECT_OBJC_ISA_USAGE = YES_ERROR;
				CLANG_WARN_DOCUMENTATION_COMMENTS = YES;
				CLANG_WARN_EMPTY_BODY = YES;
				CLANG_WARN_ENUM_CONVERSION = YES;
				CLANG_WARN_INFINITE_RECURSION = YES;
				CLANG_WARN_INT_CONVERSION = YES;
				CLANG_WARN_NON_LITERAL_NULL_CONVERSION = YES;
				CLANG_WARN_OBJC_IMPLICIT_RETAIN_SELF = YES;
				CLANG_WARN_OBJC_LITERAL_CONVERSION = YES;
				CLANG_WARN_OBJC_ROOT_CLASS = YES_ERROR;
				CLANG_WARN_QUOTED_INCLUDE_IN_FRAMEWORK_HEADER = YES;
				CLANG_WARN_RANGE_LOOP_ANALYSIS = YES;
				CLANG_WARN_STRICT_PROTOTYPES = YES;
				CLANG_WARN_SUSPICIOUS_MOVE = YES;
				CLANG_WARN_UNGUARDED_AVAILABILITY = YES_AGGRESSIVE;
				CLANG_WARN_UNREACHABLE_CODE = YES;
				CLANG_WARN__DUPLICATE_METHOD_MATCH = YES;
				COPY_PHASE_STRIP = NO;
				DEBUG_INFORMATION_FORMAT = "dwarf-with-dsym";
				ENABLE_NS_ASSERTIONS = NO;
				ENABLE_STRICT_OBJC_MSGSEND = YES;
				ENABLE_USER_SCRIPT_SANDBOXING = YES;
				GCC_C_LANGUAGE_STANDARD = gnu17;
				GCC_NO_COMMON_BLOCKS = YES;
				GCC_WARN_64_TO_32_BIT_CONVERSION = YES;
				GCC_WARN_ABOUT_RETURN_TYPE = YES_ERROR;
				GCC_WARN_UNDECLARED_SELECTOR = YES;
				GCC_WARN_UNINITIALIZED_AUTOS = YES_AGGRESSIVE;
				GCC_WARN_UNUSED_FUNCTION = YES;
				GCC_WARN_UNUSED_VARIABLE = YES;
				IPHONEOS_DEPLOYMENT_TARGET = 18.4;
				LOCALIZATION_PREFERS_STRING_CATALOGS = YES;
				MTL_ENABLE_DEBUG_INFO = NO;
				MTL_FAST_MATH = YES;
				SDKROOT = iphoneos;
				SWIFT_COMPILATION_MODE = wholemodule;
				VALIDATE_PRODUCT = YES;
			};
			name = Release;
		};
		ACBCCBCF2DB4500600D4F67B /* Debug */ = {
			isa = XCBuildConfiguration;
			buildSettings = {
				ASSETCATALOG_COMPILER_APPICON_NAME = AppIcon;
				ASSETCATALOG_COMPILER_GLOBAL_ACCENT_COLOR_NAME = AccentColor;
				CODE_SIGN_STYLE = Automatic;
				CURRENT_PROJECT_VERSION = 1;
				ENABLE_PREVIEWS = YES;
				GENERATE_INFOPLIST_FILE = YES;
				INFOPLIST_KEY_UIApplicationSceneManifest_Generation = YES;
				INFOPLIST_KEY_UIApplicationSupportsIndirectInputEvents = YES;
				INFOPLIST_KEY_UILaunchScreen_Generation = YES;
				INFOPLIST_KEY_UISupportedInterfaceOrientations_iPad = "UIInterfaceOrientationPortrait UIInterfaceOrientationPortraitUpsideDown UIInterfaceOrientationLandscapeLeft UIInterfaceOrientationLandscapeRight";
				INFOPLIST_KEY_UISupportedInterfaceOrientations_iPhone = "UIInterfaceOrientationPortrait UIInterfaceOrientationLandscapeLeft UIInterfaceOrientationLandscapeRight";
				LD_RUNPATH_SEARCH_PATHS = (
					"$(inherited)",
					"@executable_path/Frameworks",
				);
				MARKETING_VERSION = 1.0;
				PRODUCT_BUNDLE_IDENTIFIER = t.swiftTodo;
				PRODUCT_NAME = "$(TARGET_NAME)";
				SUPPORTED_PLATFORMS = "appletvos appletvsimulator iphoneos iphonesimulator";
				SUPPORTS_MACCATALYST = NO;
				SWIFT_EMIT_LOC_STRINGS = YES;
				SWIFT_VERSION = 5.0;
				TARGETED_DEVICE_FAMILY = "1,2,3";
			};
			name = Debug;
		};
		ACBCCBD02DB4500600D4F67B /* Release */ = {
			isa = XCBuildConfiguration;
			buildSettings = {
				ASSETCATALOG_COMPILER_APPICON_NAME = AppIcon;
				ASSETCATALOG_COMPILER_GLOBAL_ACCENT_COLOR_NAME = AccentColor;
				CODE_SIGN_STYLE = Automatic;
				CURRENT_PROJECT_VERSION = 1;
				ENABLE_PREVIEWS = YES;
				GENERATE_INFOPLIST_FILE = YES;
				INFOPLIST_KEY_UIApplicationSceneManifest_Generation = YES;
				INFOPLIST_KEY_UIApplicationSupportsIndirectInputEvents = YES;
				INFOPLIST_KEY_UILaunchScreen_Generation = YES;
				INFOPLIST_KEY_UISupportedInterfaceOrientations_iPad = "UIInterfaceOrientationPortrait UIInterfaceOrientationPortraitUpsideDown UIInterfaceOrientationLandscapeLeft UIInterfaceOrientationLandscapeRight";
				INFOPLIST_KEY_UISupportedInterfaceOrientations_iPhone = "UIInterfaceOrientationPortrait UIInterfaceOrientationLandscapeLeft UIInterfaceOrientationLandscapeRight";
				LD_RUNPATH_SEARCH_PATHS = (
					"$(inherited)",
					"@executable_path/Frameworks",
				);
				MARKETING_VERSION = 1.0;
				PRODUCT_BUNDLE_IDENTIFIER = t.swiftTodo;
				PRODUCT_NAME = "$(TARGET_NAME)";
				SUPPORTED_PLATFORMS = "appletvos appletvsimulator iphoneos iphonesimulator";
				SUPPORTS_MACCATALYST = NO;
				SWIFT_EMIT_LOC_STRINGS = YES;
				SWIFT_VERSION = 5.0;
				TARGETED_DEVICE_FAMILY = "1,2,3";
			};
			name = Release;
		};
		ACBCCBD22DB4500600D4F67B /* Debug */ = {
			isa = XCBuildConfiguration;
			buildSettings = {
				BUNDLE_LOADER = "$(TEST_HOST)";
				CODE_SIGN_STYLE = Automatic;
				CURRENT_PROJECT_VERSION = 1;
				GENERATE_INFOPLIST_FILE = YES;
				IPHONEOS_DEPLOYMENT_TARGET = 18.4;
				MARKETING_VERSION = 1.0;
				PRODUCT_BUNDLE_IDENTIFIER = t.swiftTodoTests;
				PRODUCT_NAME = "$(TARGET_NAME)";
				SUPPORTED_PLATFORMS = "appletvos appletvsimulator iphoneos iphonesimulator";
				SUPPORTS_MACCATALYST = YES;
				SWIFT_EMIT_LOC_STRINGS = NO;
				SWIFT_VERSION = 5.0;
				TARGETED_DEVICE_FAMILY = "1,2,3";
				TEST_HOST = "$(BUILT_PRODUCTS_DIR)/swiftTodo.app/$(BUNDLE_EXECUTABLE_FOLDER_PATH)/swiftTodo";
				TVOS_DEPLOYMENT_TARGET = 15.6;
			};
			name = Debug;
		};
		ACBCCBD32DB4500600D4F67B /* Release */ = {
			isa = XCBuildConfiguration;
			buildSettings = {
				BUNDLE_LOADER = "$(TEST_HOST)";
				CODE_SIGN_STYLE = Automatic;
				CURRENT_PROJECT_VERSION = 1;
				GENERATE_INFOPLIST_FILE = YES;
				IPHONEOS_DEPLOYMENT_TARGET = 18.4;
				MARKETING_VERSION = 1.0;
				PRODUCT_BUNDLE_IDENTIFIER = t.swiftTodoTests;
				PRODUCT_NAME = "$(TARGET_NAME)";
				SUPPORTED_PLATFORMS = "appletvos appletvsimulator iphoneos iphonesimulator";
				SUPPORTS_MACCATALYST = YES;
				SWIFT_EMIT_LOC_STRINGS = NO;
				SWIFT_VERSION = 5.0;
				TARGETED_DEVICE_FAMILY = "1,2,3";
				TEST_HOST = "$(BUILT_PRODUCTS_DIR)/swiftTodo.app/$(BUNDLE_EXECUTABLE_FOLDER_PATH)/swiftTodo";
				TVOS_DEPLOYMENT_TARGET = 15.6;
			};
			name = Release;
		};
		ACBCCBD52DB4500600D4F67B /* Debug */ = {
			isa = XCBuildConfiguration;
			buildSettings = {
				CODE_SIGN_STYLE = Automatic;
				CURRENT_PROJECT_VERSION = 1;
				GENERATE_INFOPLIST_FILE = YES;
				MARKETING_VERSION = 1.0;
				PRODUCT_BUNDLE_IDENTIFIER = t.swiftTodoUITests;
				PRODUCT_NAME = "$(TARGET_NAME)";
				SWIFT_EMIT_LOC_STRINGS = NO;
				SWIFT_VERSION = 5.0;
				TARGETED_DEVICE_FAMILY = "1,2";
				TEST_TARGET_NAME = swiftTodo;
			};
			name = Debug;
		};
		ACBCCBD62DB4500600D4F67B /* Release */ = {
			isa = XCBuildConfiguration;
			buildSettings = {
				CODE_SIGN_STYLE = Automatic;
				CURRENT_PROJECT_VERSION = 1;
				GENERATE_INFOPLIST_FILE = YES;
				MARKETING_VERSION = 1.0;
				PRODUCT_BUNDLE_IDENTIFIER = t.swiftTodoUITests;
				PRODUCT_NAME = "$(TARGET_NAME)";
				SWIFT_EMIT_LOC_STRINGS = NO;
				SWIFT_VERSION = 5.0;
				TARGETED_DEVICE_FAMILY = "1,2";
				TEST_TARGET_NAME = swiftTodo;
			};
			name = Release;
		};
		ACBCCC0F2DB506EE00D4F67B /* Debug */ = {
			isa = XCBuildConfiguration;
			buildSettings = {
				ASSETCATALOG_COMPILER_APPICON_NAME = "App Icon & Top Shelf Image";
				ASSETCATALOG_COMPILER_GLOBAL_ACCENT_COLOR_NAME = AccentColor;
				CODE_SIGN_STYLE = Automatic;
				CURRENT_PROJECT_VERSION = 1;
				ENABLE_PREVIEWS = YES;
				GENERATE_INFOPLIST_FILE = YES;
				INFOPLIST_KEY_UILaunchScreen_Generation = YES;
				INFOPLIST_KEY_UIUserInterfaceStyle = Automatic;
				LD_RUNPATH_SEARCH_PATHS = (
					"$(inherited)",
					"@executable_path/Frameworks",
				);
				MARKETING_VERSION = 1.0;
				PRODUCT_BUNDLE_IDENTIFIER = t.switftTodo;
				PRODUCT_NAME = "$(TARGET_NAME)";
				SDKROOT = appletvos;
				SWIFT_EMIT_LOC_STRINGS = YES;
				SWIFT_VERSION = 5.0;
				TARGETED_DEVICE_FAMILY = 3;
				TVOS_DEPLOYMENT_TARGET = 18.4;
			};
			name = Debug;
		};
		ACBCCC102DB506EE00D4F67B /* Release */ = {
			isa = XCBuildConfiguration;
			buildSettings = {
				ASSETCATALOG_COMPILER_APPICON_NAME = "App Icon & Top Shelf Image";
				ASSETCATALOG_COMPILER_GLOBAL_ACCENT_COLOR_NAME = AccentColor;
				CODE_SIGN_STYLE = Automatic;
				CURRENT_PROJECT_VERSION = 1;
				ENABLE_PREVIEWS = YES;
				GENERATE_INFOPLIST_FILE = YES;
				INFOPLIST_KEY_UILaunchScreen_Generation = YES;
				INFOPLIST_KEY_UIUserInterfaceStyle = Automatic;
				LD_RUNPATH_SEARCH_PATHS = (
					"$(inherited)",
					"@executable_path/Frameworks",
				);
				MARKETING_VERSION = 1.0;
				PRODUCT_BUNDLE_IDENTIFIER = t.switftTodo;
				PRODUCT_NAME = "$(TARGET_NAME)";
				SDKROOT = appletvos;
				SWIFT_EMIT_LOC_STRINGS = YES;
				SWIFT_VERSION = 5.0;
				TARGETED_DEVICE_FAMILY = 3;
				TVOS_DEPLOYMENT_TARGET = 18.4;
			};
			name = Release;
		};
		ACBCCC122DB506EE00D4F67B /* Debug */ = {
			isa = XCBuildConfiguration;
			buildSettings = {
				BUNDLE_LOADER = "$(TEST_HOST)";
				CODE_SIGN_STYLE = Automatic;
				CURRENT_PROJECT_VERSION = 1;
				GENERATE_INFOPLIST_FILE = YES;
				MARKETING_VERSION = 1.0;
				PRODUCT_BUNDLE_IDENTIFIER = t.switftTodoTests;
				PRODUCT_NAME = "$(TARGET_NAME)";
				SDKROOT = appletvos;
				SWIFT_EMIT_LOC_STRINGS = NO;
				SWIFT_VERSION = 5.0;
				TARGETED_DEVICE_FAMILY = 3;
				TEST_HOST = "$(BUILT_PRODUCTS_DIR)/switftTodo.app/$(BUNDLE_EXECUTABLE_FOLDER_PATH)/switftTodo";
				TVOS_DEPLOYMENT_TARGET = 18.4;
			};
			name = Debug;
		};
		ACBCCC132DB506EE00D4F67B /* Release */ = {
			isa = XCBuildConfiguration;
			buildSettings = {
				BUNDLE_LOADER = "$(TEST_HOST)";
				CODE_SIGN_STYLE = Automatic;
				CURRENT_PROJECT_VERSION = 1;
				GENERATE_INFOPLIST_FILE = YES;
				MARKETING_VERSION = 1.0;
				PRODUCT_BUNDLE_IDENTIFIER = t.switftTodoTests;
				PRODUCT_NAME = "$(TARGET_NAME)";
				SDKROOT = appletvos;
				SWIFT_EMIT_LOC_STRINGS = NO;
				SWIFT_VERSION = 5.0;
				TARGETED_DEVICE_FAMILY = 3;
				TEST_HOST = "$(BUILT_PRODUCTS_DIR)/switftTodo.app/$(BUNDLE_EXECUTABLE_FOLDER_PATH)/switftTodo";
				TVOS_DEPLOYMENT_TARGET = 18.4;
			};
			name = Release;
		};
		ACBCCC152DB506EE00D4F67B /* Debug */ = {
			isa = XCBuildConfiguration;
			buildSettings = {
				CODE_SIGN_STYLE = Automatic;
				CURRENT_PROJECT_VERSION = 1;
				GENERATE_INFOPLIST_FILE = YES;
				MARKETING_VERSION = 1.0;
				PRODUCT_BUNDLE_IDENTIFIER = t.switftTodoUITests;
				PRODUCT_NAME = "$(TARGET_NAME)";
				SDKROOT = appletvos;
				SWIFT_EMIT_LOC_STRINGS = NO;
				SWIFT_VERSION = 5.0;
				TARGETED_DEVICE_FAMILY = 3;
				TEST_TARGET_NAME = switftTodo;
				TVOS_DEPLOYMENT_TARGET = 18.4;
			};
			name = Debug;
		};
		ACBCCC162DB506EE00D4F67B /* Release */ = {
			isa = XCBuildConfiguration;
			buildSettings = {
				CODE_SIGN_STYLE = Automatic;
				CURRENT_PROJECT_VERSION = 1;
				GENERATE_INFOPLIST_FILE = YES;
				MARKETING_VERSION = 1.0;
				PRODUCT_BUNDLE_IDENTIFIER = t.switftTodoUITests;
				PRODUCT_NAME = "$(TARGET_NAME)";
				SDKROOT = appletvos;
				SWIFT_EMIT_LOC_STRINGS = NO;
				SWIFT_VERSION = 5.0;
				TARGETED_DEVICE_FAMILY = 3;
				TEST_TARGET_NAME = switftTodo;
				TVOS_DEPLOYMENT_TARGET = 18.4;
			};
			name = Release;
		};
/* End XCBuildConfiguration section */

/* Begin XCConfigurationList section */
		ACBCCBA82DB4500400D4F67B /* Build configuration list for PBXProject "swiftTodo" */ = {
			isa = XCConfigurationList;
			buildConfigurations = (
				ACBCCBCC2DB4500600D4F67B /* Debug */,
				ACBCCBCD2DB4500600D4F67B /* Release */,
			);
			defaultConfigurationIsVisible = 0;
			defaultConfigurationName = Release;
		};
		ACBCCBCE2DB4500600D4F67B /* Build configuration list for PBXNativeTarget "swiftTodo" */ = {
			isa = XCConfigurationList;
			buildConfigurations = (
				ACBCCBCF2DB4500600D4F67B /* Debug */,
				ACBCCBD02DB4500600D4F67B /* Release */,
			);
			defaultConfigurationIsVisible = 0;
			defaultConfigurationName = Release;
		};
		ACBCCBD12DB4500600D4F67B /* Build configuration list for PBXNativeTarget "swiftTodoTests" */ = {
			isa = XCConfigurationList;
			buildConfigurations = (
				ACBCCBD22DB4500600D4F67B /* Debug */,
				ACBCCBD32DB4500600D4F67B /* Release */,
			);
			defaultConfigurationIsVisible = 0;
			defaultConfigurationName = Release;
		};
		ACBCCBD42DB4500600D4F67B /* Build configuration list for PBXNativeTarget "swiftTodoUITests" */ = {
			isa = XCConfigurationList;
			buildConfigurations = (
				ACBCCBD52DB4500600D4F67B /* Debug */,
				ACBCCBD62DB4500600D4F67B /* Release */,
			);
			defaultConfigurationIsVisible = 0;
			defaultConfigurationName = Release;
		};
		ACBCCC0E2DB506EE00D4F67B /* Build configuration list for PBXNativeTarget "switftTodo" */ = {
			isa = XCConfigurationList;
			buildConfigurations = (
				ACBCCC0F2DB506EE00D4F67B /* Debug */,
				ACBCCC102DB506EE00D4F67B /* Release */,
			);
			defaultConfigurationIsVisible = 0;
			defaultConfigurationName = Release;
		};
		ACBCCC112DB506EE00D4F67B /* Build configuration list for PBXNativeTarget "switftTodoTests" */ = {
			isa = XCConfigurationList;
			buildConfigurations = (
				ACBCCC122DB506EE00D4F67B /* Debug */,
				ACBCCC132DB506EE00D4F67B /* Release */,
			);
			defaultConfigurationIsVisible = 0;
			defaultConfigurationName = Release;
		};
		ACBCCC142DB506EE00D4F67B /* Build configuration list for PBXNativeTarget "switftTodoUITests" */ = {
			isa = XCConfigurationList;
			buildConfigurations = (
				ACBCCC152DB506EE00D4F67B /* Debug */,
				ACBCCC162DB506EE00D4F67B /* Release */,
			);
			defaultConfigurationIsVisible = 0;
			defaultConfigurationName = Release;
		};
/* End XCConfigurationList section */
	};
	rootObject = ACBCCBA52DB4500400D4F67B /* Project object */;
}
